# generated by rye
# use `rye lock` or `rye sync` to update this lockfile
#
# last locked with the following flags:
#   pre: false
#   features: []
#   all-features: false
#   with-sources: false
#   generate-hashes: false
#   universal: false

-e file:.
blinker==1.8.2
    # via flask
certifi==2024.7.4
    # via requests
charset-normalizer==3.3.2
    # via requests
click==8.1.7
    # via flask
    # via zoomto
colorama==0.4.6
    # via click
    # via pytest
comtypes==1.4.6
    # via pywinauto
flask==3.0.3
idna==3.7
    # via requests
iniconfig==2.0.0
    # via pytest
itsdangerous==2.2.0
    # via flask
jinja2==3.1.4
    # via flask
markupsafe==2.1.5
    # via jinja2
    # via werkzeug
mouseinfo==0.1.3
    # via pyautogui
packaging==24.1
    # via pytest
pluggy==1.5.0
    # via pytest
psutil==6.0.0
    # via zoomto
pyautogui==0.9.54
    # via zoomto
pygetwindow==0.0.9
    # via pyautogui
    # via zoomto
pymsgbox==1.0.9
    # via pyautogui
pyperclip==1.9.0
    # via mouseinfo
pyrect==0.2.0
    # via pygetwindow
pyscreeze==0.1.30
    # via pyautogui
pytest==8.3.2
pytweening==1.2.0
    # via pyautogui
pywin32==306
    # via pywinauto
    # via zoomto
pywinauto==0.6.8
    # via zoomto
requests==2.32.3
screeninfo==0.8.1
    # via zoomto
six==1.16.0
    # via pywinauto
urllib3==2.2.2
    # via requests
werkzeug==3.0.3
    # via flask
