# generated by rye
# use `rye lock` or `rye sync` to update this lockfile
#
# last locked with the following flags:
#   pre: false
#   features: []
#   all-features: false
#   with-sources: false
#   generate-hashes: false
#   universal: false

-e file:.
annotated-types==0.7.0
    # via pydantic
anthropic==0.34.1
    # via pinjected-anthropic
anyio==4.4.0
    # via anthropic
    # via httpx
asttokens==2.4.1
    # via stack-data
certifi==2024.7.4
    # via httpcore
    # via httpx
    # via requests
charset-normalizer==3.3.2
    # via requests
cloudpickle==3.0.0
    # via pinjected
cytoolz==0.12.3
    # via pinjected
decorator==5.1.1
    # via ipython
distro==1.9.0
    # via anthropic
executing==2.0.1
    # via stack-data
expression==5.1.0
    # via pinjected
filelock==3.15.4
    # via huggingface-hub
fire==0.6.0
    # via pinjected
frozendict==2.4.4
    # via pinjected
fsspec==2024.6.1
    # via huggingface-hub
h11==0.14.0
    # via httpcore
httpcore==1.0.5
    # via httpx
httpx==0.27.0
    # via anthropic
huggingface-hub==0.24.6
    # via tokenizers
idna==3.7
    # via anyio
    # via httpx
    # via requests
ipython==8.26.0
    # via pyvis
jedi==0.19.1
    # via ipython
jinja2==3.1.4
    # via pyvis
jiter==0.5.0
    # via anthropic
jsonpickle==3.2.2
    # via pyvis
loguru==0.7.2
    # via pinjected
makefun==1.15.4
    # via pinjected
markdown-it-py==3.0.0
    # via rich
markupsafe==2.1.5
    # via jinja2
matplotlib-inline==0.1.7
    # via ipython
mdurl==0.1.2
    # via markdown-it-py
networkx==3.3
    # via pinjected
    # via pyvis
packaging==24.1
    # via huggingface-hub
parso==0.8.4
    # via jedi
pexpect==4.9.0
    # via ipython
pillow==10.4.0
    # via pinjected-anthropic
pinjected==0.2.189
    # via pinjected-anthropic
prompt-toolkit==3.0.47
    # via ipython
ptyprocess==0.7.0
    # via pexpect
pure-eval==0.2.3
    # via stack-data
pydantic==2.8.2
    # via anthropic
    # via pinjected
pydantic-core==2.20.1
    # via pydantic
pygments==2.18.0
    # via ipython
    # via rich
pyvis==0.3.2
    # via pinjected
pyyaml==6.0.2
    # via huggingface-hub
    # via pinjected
requests==2.32.3
    # via huggingface-hub
returns==0.23.0
    # via pinjected
rich==13.7.1
    # via pinjected
six==1.16.0
    # via asttokens
    # via fire
sniffio==1.3.1
    # via anthropic
    # via anyio
    # via httpx
stack-data==0.6.3
    # via ipython
tabulate==0.9.0
    # via pinjected
termcolor==2.4.0
    # via fire
tokenizers==0.20.0
    # via anthropic
toolz==0.12.1
    # via cytoolz
tqdm==4.66.5
    # via huggingface-hub
traitlets==5.14.3
    # via ipython
    # via matplotlib-inline
typing-extensions==4.12.2
    # via anthropic
    # via expression
    # via huggingface-hub
    # via pydantic
    # via pydantic-core
    # via returns
urllib3==2.2.2
    # via requests
wcwidth==0.2.13
    # via prompt-toolkit
