# generated by rye
# use `rye lock` or `rye sync` to update this lockfile
#
# last locked with the following flags:
#   pre: false
#   features: []
#   all-features: false
#   with-sources: false
#   generate-hashes: false
#   universal: false

-e file:.
certifi==2024.7.4
    # via requests
charset-normalizer==3.3.2
    # via requests
click==8.1.7
    # via bwu
colorama==0.4.6
    # via click
idna==3.7
    # via requests
jaraco-classes==3.4.0
    # via keyring
jaraco-context==5.3.0
    # via keyring
jaraco-functools==4.0.1
    # via keyring
keyring==25.2.1
    # via bwu
more-itertools==10.3.0
    # via jaraco-classes
    # via jaraco-functools
pathvalidate==3.2.0
    # via bwu
pywin32-ctypes==0.2.2
    # via keyring
requests==2.32.3
    # via bwu
toml==0.10.2
    # via bwu
urllib3==2.2.2
    # via requests
